
Microsoft Visual Studio Solution File, Format Version 12.00
# Visual Studio Version 17
VisualStudioVersion = 17.7.34031.279
MinimumVisualStudioVersion = 10.0.40219.1
Project("{FAE04EC0-301F-11D3-BF4B-00C04F79EFBC}") = "Lab1", "Lab1.csproj", "{761208C2-9FD8-435C-924D-2962414326D1}"
EndProject
Global
	GlobalSection(SolutionConfigurationPlatforms) = preSolution
		Debug|Any CPU = Debug|Any CPU
		Release|Any CPU = Release|Any CPU
	EndGlobalSection
	GlobalSection(ProjectConfigurationPlatforms) = postSolution
		{761208C2-9FD8-435C-924D-2962414326D1}.Debug|Any CPU.ActiveCfg = Debug|Any CPU
		{761208C2-9FD8-435C-924D-2962414326D1}.Debug|Any CPU.Build.0 = Debug|Any CPU
		{761208C2-9FD8-435C-924D-2962414326D1}.Release|Any CPU.ActiveCfg = Release|Any CPU
		{761208C2-9FD8-435C-924D-2962414326D1}.Release|Any CPU.Build.0 = Release|Any CPU
	EndGlobalSection
	GlobalSection(SolutionProperties) = preSolution
		HideSolutionNode = FALSE
	EndGlobalSection
	GlobalSection(ExtensibilityGlobals) = postSolution
		SolutionGuid = {8D1894B2-DD6E-4653-B63D-B067F522AF9F}
	EndGlobalSection
EndGlobal
